
Microsoft Visual Studio Solution File, Format Version 12.00
# Visual Studio 2013
VisualStudioVersion = 12.0.31101.0
MinimumVisualStudioVersion = 10.0.40219.1
Project("{FAE04EC0-301F-11D3-BF4B-00C04F79EFBC}") = "VexTeamNetwork", "VexTeamNetwork\VexTeamNetwork.csproj", "{6B306526-7BBE-4269-B11A-4C210CBAEDEE}"
EndProject
Project("{FAE04EC0-301F-11D3-BF4B-00C04F79EFBC}") = "VexTeamNetwork.Tests", "VexTeamNetwork.Tests\VexTeamNetwork.Tests.csproj", "{C62E11F3-2BE6-404F-BD0D-190A89212EAE}"
EndProject
Project("{FAE04EC0-301F-11D3-BF4B-00C04F79EFBC}") = "VexTeamNetwork.Models", "VexTeamNetwork.Models\VexTeamNetwork.Models.csproj", "{0D9559BF-F1CC-4AC4-89EF-3233317F90BF}"
EndProject
Global
	GlobalSection(SolutionConfigurationPlatforms) = preSolution
		Debug|Any CPU = Debug|Any CPU
		Release|Any CPU = Release|Any CPU
	EndGlobalSection
	GlobalSection(ProjectConfigurationPlatforms) = postSolution
		{6B306526-7BBE-4269-B11A-4C210CBAEDEE}.Debug|Any CPU.ActiveCfg = Debug|Any CPU
		{6B306526-7BBE-4269-B11A-4C210CBAEDEE}.Debug|Any CPU.Build.0 = Debug|Any CPU
		{6B306526-7BBE-4269-B11A-4C210CBAEDEE}.Release|Any CPU.ActiveCfg = Release|Any CPU
		{6B306526-7BBE-4269-B11A-4C210CBAEDEE}.Release|Any CPU.Build.0 = Release|Any CPU
		{C62E11F3-2BE6-404F-BD0D-190A89212EAE}.Debug|Any CPU.ActiveCfg = Debug|Any CPU
		{C62E11F3-2BE6-404F-BD0D-190A89212EAE}.Debug|Any CPU.Build.0 = Debug|Any CPU
		{C62E11F3-2BE6-404F-BD0D-190A89212EAE}.Release|Any CPU.ActiveCfg = Release|Any CPU
		{C62E11F3-2BE6-404F-BD0D-190A89212EAE}.Release|Any CPU.Build.0 = Release|Any CPU
		{0D9559BF-F1CC-4AC4-89EF-3233317F90BF}.Debug|Any CPU.ActiveCfg = Debug|Any CPU
		{0D9559BF-F1CC-4AC4-89EF-3233317F90BF}.Debug|Any CPU.Build.0 = Debug|Any CPU
		{0D9559BF-F1CC-4AC4-89EF-3233317F90BF}.Release|Any CPU.ActiveCfg = Release|Any CPU
		{0D9559BF-F1CC-4AC4-89EF-3233317F90BF}.Release|Any CPU.Build.0 = Release|Any CPU
	EndGlobalSection
	GlobalSection(SolutionProperties) = preSolution
		HideSolutionNode = FALSE
	EndGlobalSection
EndGlobal
